{
  "name": "cliproof",
  "version": "0.1.1",
  "lockfileVersion": 3,
  "requires": true,
  "packages": {
    "": {
      "name": "cliproof",
      "version": "0.1.1",
      "license": "MIT",
      "bin": {
        "cliproof": "bin/cli.js"
      },
      "engines": {
        "node": ">=18"
      }
    }
  }
}
